
Microsoft Visual Studio Solution File, Format Version 12.00
# Visual Studio Version 16
VisualStudioVersion = 16.0.29920.165
MinimumVisualStudioVersion = 10.0.40219.1
Project("{9A19103F-16F7-4668-BE54-9A1E7A4F7556}") = "dotnet-foody", "dotnet-foody.csproj", "{D05CF81D-974D-436C-8E28-0F75EE4BFD1B}"
EndProject
Project("{FAE04EC0-301F-11D3-BF4B-00C04F79EFBC}") = "dotnet-foody.Core", "..\dotnet-foody.Core\dotnet-foody.Core.csproj", "{F9678979-64CD-49E5-88B1-0A643DA64D0B}"
EndProject
Project("{FAE04EC0-301F-11D3-BF4B-00C04F79EFBC}") = "dotnet-foody.Data", "..\dotnet-foody.Data\dotnet-foody.Data.csproj", "{3B923F16-0917-4A80-9111-B46D7B1FF910}"
EndProject
Global
	GlobalSection(SolutionConfigurationPlatforms) = preSolution
		Debug|Any CPU = Debug|Any CPU
		Release|Any CPU = Release|Any CPU
	EndGlobalSection
	GlobalSection(ProjectConfigurationPlatforms) = postSolution
		{D05CF81D-974D-436C-8E28-0F75EE4BFD1B}.Debug|Any CPU.ActiveCfg = Debug|Any CPU
		{D05CF81D-974D-436C-8E28-0F75EE4BFD1B}.Debug|Any CPU.Build.0 = Debug|Any CPU
		{D05CF81D-974D-436C-8E28-0F75EE4BFD1B}.Release|Any CPU.ActiveCfg = Release|Any CPU
		{D05CF81D-974D-436C-8E28-0F75EE4BFD1B}.Release|Any CPU.Build.0 = Release|Any CPU
		{F9678979-64CD-49E5-88B1-0A643DA64D0B}.Debug|Any CPU.ActiveCfg = Debug|Any CPU
		{F9678979-64CD-49E5-88B1-0A643DA64D0B}.Debug|Any CPU.Build.0 = Debug|Any CPU
		{F9678979-64CD-49E5-88B1-0A643DA64D0B}.Release|Any CPU.ActiveCfg = Release|Any CPU
		{F9678979-64CD-49E5-88B1-0A643DA64D0B}.Release|Any CPU.Build.0 = Release|Any CPU
		{3B923F16-0917-4A80-9111-B46D7B1FF910}.Debug|Any CPU.ActiveCfg = Debug|Any CPU
		{3B923F16-0917-4A80-9111-B46D7B1FF910}.Debug|Any CPU.Build.0 = Debug|Any CPU
		{3B923F16-0917-4A80-9111-B46D7B1FF910}.Release|Any CPU.ActiveCfg = Release|Any CPU
		{3B923F16-0917-4A80-9111-B46D7B1FF910}.Release|Any CPU.Build.0 = Release|Any CPU
	EndGlobalSection
	GlobalSection(SolutionProperties) = preSolution
		HideSolutionNode = FALSE
	EndGlobalSection
	GlobalSection(ExtensibilityGlobals) = postSolution
		SolutionGuid = {CD3698C5-6443-4955-B01D-B749418DE910}
	EndGlobalSection
EndGlobal
